
Microsoft Visual Studio Solution File, Format Version 12.00
# Visual Studio Version 17
VisualStudioVersion = 17.9.34518.117
MinimumVisualStudioVersion = 10.0.40219.1
Project("{2150E333-8FDC-42A3-9474-1A3956D46DE8}") = "Core", "Core", "{4FD4AF35-9BA9-49F7-A5DE-A9248218C94F}"
EndProject
Project("{2150E333-8FDC-42A3-9474-1A3956D46DE8}") = "Infrastructure", "Infrastructure", "{D97BCBBC-3BEE-4EE0-B281-26F1BE6A7A6C}"
EndProject
Project("{2150E333-8FDC-42A3-9474-1A3956D46DE8}") = "Presentation", "Presentation", "{C9F3C51B-C268-4121-B581-16A6C6F3C694}"
EndProject
Project("{FAE04EC0-301F-11D3-BF4B-00C04F79EFBC}") = "Api.Application", "Core\Api.Application\Api.Application.csproj", "{25E9DA93-E6CD-4A8A-A0A3-10DE60EFEAF6}"
EndProject
Project("{FAE04EC0-301F-11D3-BF4B-00C04F79EFBC}") = "Api.Infrastructure", "Infrastructure\Api.Infrastructure\Api.Infrastructure.csproj", "{96D7950E-BBA3-44D0-A821-1043752F3D17}"
EndProject
Project("{FAE04EC0-301F-11D3-BF4B-00C04F79EFBC}") = "Api.Persistence", "Infrastructure\Api.Persistence\Api.Persistence.csproj", "{5B9EB4F2-476F-4CDB-9A1F-2B8B92102811}"
EndProject
Project("{FAE04EC0-301F-11D3-BF4B-00C04F79EFBC}") = "Api.WebApi", "Presentation\Api.WebApi\Api.WebApi.csproj", "{2499598C-4643-4FFD-950D-27A6083C51C3}"
EndProject
Global
	GlobalSection(SolutionConfigurationPlatforms) = preSolution
		Debug|Any CPU = Debug|Any CPU
		Release|Any CPU = Release|Any CPU
	EndGlobalSection
	GlobalSection(ProjectConfigurationPlatforms) = postSolution
		{25E9DA93-E6CD-4A8A-A0A3-10DE60EFEAF6}.Debug|Any CPU.ActiveCfg = Debug|Any CPU
		{25E9DA93-E6CD-4A8A-A0A3-10DE60EFEAF6}.Debug|Any CPU.Build.0 = Debug|Any CPU
		{25E9DA93-E6CD-4A8A-A0A3-10DE60EFEAF6}.Release|Any CPU.ActiveCfg = Release|Any CPU
		{25E9DA93-E6CD-4A8A-A0A3-10DE60EFEAF6}.Release|Any CPU.Build.0 = Release|Any CPU
		{96D7950E-BBA3-44D0-A821-1043752F3D17}.Debug|Any CPU.ActiveCfg = Debug|Any CPU
		{96D7950E-BBA3-44D0-A821-1043752F3D17}.Debug|Any CPU.Build.0 = Debug|Any CPU
		{96D7950E-BBA3-44D0-A821-1043752F3D17}.Release|Any CPU.ActiveCfg = Release|Any CPU
		{96D7950E-BBA3-44D0-A821-1043752F3D17}.Release|Any CPU.Build.0 = Release|Any CPU
		{5B9EB4F2-476F-4CDB-9A1F-2B8B92102811}.Debug|Any CPU.ActiveCfg = Debug|Any CPU
		{5B9EB4F2-476F-4CDB-9A1F-2B8B92102811}.Debug|Any CPU.Build.0 = Debug|Any CPU
		{5B9EB4F2-476F-4CDB-9A1F-2B8B92102811}.Release|Any CPU.ActiveCfg = Release|Any CPU
		{5B9EB4F2-476F-4CDB-9A1F-2B8B92102811}.Release|Any CPU.Build.0 = Release|Any CPU
		{2499598C-4643-4FFD-950D-27A6083C51C3}.Debug|Any CPU.ActiveCfg = Debug|Any CPU
		{2499598C-4643-4FFD-950D-27A6083C51C3}.Debug|Any CPU.Build.0 = Debug|Any CPU
		{2499598C-4643-4FFD-950D-27A6083C51C3}.Release|Any CPU.ActiveCfg = Release|Any CPU
		{2499598C-4643-4FFD-950D-27A6083C51C3}.Release|Any CPU.Build.0 = Release|Any CPU
	EndGlobalSection
	GlobalSection(SolutionProperties) = preSolution
		HideSolutionNode = FALSE
	EndGlobalSection
	GlobalSection(NestedProjects) = preSolution
		{25E9DA93-E6CD-4A8A-A0A3-10DE60EFEAF6} = {4FD4AF35-9BA9-49F7-A5DE-A9248218C94F}
		{96D7950E-BBA3-44D0-A821-1043752F3D17} = {D97BCBBC-3BEE-4EE0-B281-26F1BE6A7A6C}
		{5B9EB4F2-476F-4CDB-9A1F-2B8B92102811} = {D97BCBBC-3BEE-4EE0-B281-26F1BE6A7A6C}
		{2499598C-4643-4FFD-950D-27A6083C51C3} = {C9F3C51B-C268-4121-B581-16A6C6F3C694}
	EndGlobalSection
	GlobalSection(ExtensibilityGlobals) = postSolution
		SolutionGuid = {4EE527D3-6B4D-4EC3-A842-9109CBA2516D}
	EndGlobalSection
EndGlobal
